schema: '2.0'
stages:
  train_model:
    cmd: python train_model.py
    deps:
    - path: data_train.csv
      md5: 932fcdce508893de7a944757b7fec5bf
      size: 127
    - path: train_model.py
      md5: 4cd1019479e2a419416c4256080bee64
      size: 912
    params:
      params.yaml:
        train_model.criterion: entropy
        train_model.min_samples_split: 2
        train_model.splitter: best
    outs:
    - path: model.pickle
      md5: 935d1c39fdc308c6fb43f5fe8788af63
      size: 1964
  test_model:
    cmd: python test_model.py
    deps:
    - path: data_test.csv
      md5: ea9445e323fd98e89905a83296fd1739
      size: 91
    - path: model.pickle
      md5: 935d1c39fdc308c6fb43f5fe8788af63
      size: 1964
    - path: test_model.py
      md5: f43be9029c250bd7b19888f3c0493eaa
      size: 991
    outs:
    - path: metrics.json
      md5: 03eaa5df0bcac97b9a98d28dc417e7e6
      size: 37
