schema: '2.0'
stages:
  train_model:
    cmd: python train_model.py
    deps:
    - path: data_train.csv
      md5: 932fcdce508893de7a944757b7fec5bf
      size: 127
    - path: train_model.py
      md5: 8b6b9460cfe48adbd33ef348f49fc1ea
      size: 930
    params:
      params.yaml:
        train_model.criterion: entropy
        train_model.min_samples_split: 2
        train_model.splitter: best
    outs:
    - path: model.pickle
      md5: 36bf7f0d44d187e7240b0305c48a0f65
      size: 1964
  test_model:
    cmd: python test_model.py
    deps:
    - path: data_test.csv
      md5: ea9445e323fd98e89905a83296fd1739
      size: 91
    - path: model.pickle
      md5: 36bf7f0d44d187e7240b0305c48a0f65
      size: 1964
    - path: test_model.py
      md5: f43be9029c250bd7b19888f3c0493eaa
      size: 991
    outs:
    - path: metrics.json
      md5: 90046af3462343bc83cbf8df512b9d35
      size: 34
