schema: '2.0'
stages:
  train_model:
    cmd: python train_model.py
    deps:
    - path: data_train.csv
      md5: 932fcdce508893de7a944757b7fec5bf
      size: 127
    - path: train_model.py
      md5: 9d3b3225dbb3e7351dfc68847e76edc2
      size: 757
    outs:
    - path: model.pickle
      md5: e44c9d064c43bf605998e4ab512686eb
      size: 1961
  test_model:
    cmd: python test_model.py
    deps:
    - path: data_test.csv
      md5: ea9445e323fd98e89905a83296fd1739
      size: 91
    - path: model.pickle
      md5: e44c9d064c43bf605998e4ab512686eb
      size: 1961
    - path: test_model.py
      md5: f43be9029c250bd7b19888f3c0493eaa
      size: 991
    outs:
    - path: metrics.json
      md5: 03eaa5df0bcac97b9a98d28dc417e7e6
      size: 37
